// !$*UTF8*$!
{
	archiveVersion = 1;
	classes = {
	};
	objectVersion = 46;
	objects = {

/* Begin PBXBuildFile section */
		C161F8441C120E73004510E0 /* FilterViewController.swift in Sources */ = {isa = PBXBuildFile; fileRef = C161F8431C120E73004510E0 /* FilterViewController.swift */; };
		C16FFEF21C19F4E100ECB03E /* CameraViewController.swift in Sources */ = {isa = PBXBuildFile; fileRef = C16FFEF11C19F4E100ECB03E /* CameraViewController.swift */; };
		C19089F01BE7F23E008B6A0E /* AppDelegate.swift in Sources */ = {isa = PBXBuildFile; fileRef = C19089EF1BE7F23E008B6A0E /* AppDelegate.swift */; };
		C19089F21BE7F23E008B6A0E /* ViewController.swift in Sources */ = {isa = PBXBuildFile; fileRef = C19089F11BE7F23E008B6A0E /* ViewController.swift */; };
		C19089F51BE7F23E008B6A0E /* Main.storyboard in Resources */ = {isa = PBXBuildFile; fileRef = C19089F31BE7F23E008B6A0E /* Main.storyboard */; };
		C19089F71BE7F23E008B6A0E /* Assets.xcassets in Resources */ = {isa = PBXBuildFile; fileRef = C19089F61BE7F23E008B6A0E /* Assets.xcassets */; };
		C19089FA1BE7F23E008B6A0E /* LaunchScreen.storyboard in Resources */ = {isa = PBXBuildFile; fileRef = C19089F81BE7F23E008B6A0E /* LaunchScreen.storyboard */; };
		C1908A051BE7F23E008B6A0E /* imageFilterTests.swift in Sources */ = {isa = PBXBuildFile; fileRef = C1908A041BE7F23E008B6A0E /* imageFilterTests.swift */; };
		C1908A101BE7F23E008B6A0E /* imageFilterUITests.swift in Sources */ = {isa = PBXBuildFile; fileRef = C1908A0F1BE7F23E008B6A0E /* imageFilterUITests.swift */; };
		C1A7D7171C20913600BA141F /* InfoViewController.swift in Sources */ = {isa = PBXBuildFile; fileRef = C1A7D7161C20913600BA141F /* InfoViewController.swift */; };
/* End PBXBuildFile section */

/* Begin PBXContainerItemProxy section */
		C1908A011BE7F23E008B6A0E /* PBXContainerItemProxy */ = {
			isa = PBXContainerItemProxy;
			containerPortal = C19089E41BE7F23E008B6A0E /* Project object */;
			proxyType = 1;
			remoteGlobalIDString = C19089EB1BE7F23E008B6A0E;
			remoteInfo = imageFilter;
		};
		C1908A0C1BE7F23E008B6A0E /* PBXContainerItemProxy */ = {
			isa = PBXContainerItemProxy;
			containerPortal = C19089E41BE7F23E008B6A0E /* Project object */;
			proxyType = 1;
			remoteGlobalIDString = C19089EB1BE7F23E008B6A0E;
			remoteInfo = imageFilter;
		};
/* End PBXContainerItemProxy section */

/* Begin PBXFileReference section */
		C161F8431C120E73004510E0 /* FilterViewController.swift */ = {isa = PBXFileReference; fileEncoding = 4; lastKnownFileType = sourcecode.swift; path = FilterViewController.swift; sourceTree = "<group>"; };
		C16FFEF11C19F4E100ECB03E /* CameraViewController.swift */ = {isa = PBXFileReference; fileEncoding = 4; lastKnownFileType = sourcecode.swift; path = CameraViewController.swift; sourceTree = "<group>"; };
		C19089EC1BE7F23E008B6A0E /* imageFilter.app */ = {isa = PBXFileReference; explicitFileType = wrapper.application; includeInIndex = 0; path = imageFilter.app; sourceTree = BUILT_PRODUCTS_DIR; };
		C19089EF1BE7F23E008B6A0E /* AppDelegate.swift */ = {isa = PBXFileReference; lastKnownFileType = sourcecode.swift; path = AppDelegate.swift; sourceTree = "<group>"; };
		C19089F11BE7F23E008B6A0E /* ViewController.swift */ = {isa = PBXFileReference; lastKnownFileType = sourcecode.swift; path = ViewController.swift; sourceTree = "<group>"; };
		C19089F41BE7F23E008B6A0E /* Base */ = {isa = PBXFileReference; lastKnownFileType = file.storyboard; name = Base; path = Base.lproj/Main.storyboard; sourceTree = "<group>"; };
		C19089F61BE7F23E008B6A0E /* Assets.xcassets */ = {isa = PBXFileReference; lastKnownFileType = folder.assetcatalog; path = Assets.xcassets; sourceTree = "<group>"; };
		C19089F91BE7F23E008B6A0E /* Base */ = {isa = PBXFileReference; lastKnownFileType = file.storyboard; name = Base; path = Base.lproj/LaunchScreen.storyboard; sourceTree = "<group>"; };
		C19089FB1BE7F23E008B6A0E /* Info.plist */ = {isa = PBXFileReference; lastKnownFileType = text.plist.xml; path = Info.plist; sourceTree = "<group>"; };
		C1908A001BE7F23E008B6A0E /* imageFilterTests.xctest */ = {isa = PBXFileReference; explicitFileType = wrapper.cfbundle; includeInIndex = 0; path = imageFilterTests.xctest; sourceTree = BUILT_PRODUCTS_DIR; };
		C1908A041BE7F23E008B6A0E /* imageFilterTests.swift */ = {isa = PBXFileReference; lastKnownFileType = sourcecode.swift; path = imageFilterTests.swift; sourceTree = "<group>"; };
		C1908A061BE7F23E008B6A0E /* Info.plist */ = {isa = PBXFileReference; lastKnownFileType = text.plist.xml; path = Info.plist; sourceTree = "<group>"; };
		C1908A0B1BE7F23E008B6A0E /* imageFilterUITests.xctest */ = {isa = PBXFileReference; explicitFileType = wrapper.cfbundle; includeInIndex = 0; path = imageFilterUITests.xctest; sourceTree = BUILT_PRODUCTS_DIR; };
		C1908A0F1BE7F23E008B6A0E /* imageFilterUITests.swift */ = {isa = PBXFileReference; lastKnownFileType = sourcecode.swift; path = imageFilterUITests.swift; sourceTree = "<group>"; };
		C1908A111BE7F23E008B6A0E /* Info.plist */ = {isa = PBXFileReference; lastKnownFileType = text.plist.xml; path = Info.plist; sourceTree = "<group>"; };
		C1A7D7161C20913600BA141F /* InfoViewController.swift */ = {isa = PBXFileReference; fileEncoding = 4; lastKnownFileType = sourcecode.swift; path = InfoViewController.swift; sourceTree = "<group>"; };
/* End PBXFileReference section */

/* Begin PBXFrameworksBuildPhase section */
		C19089E91BE7F23E008B6A0E /* Frameworks */ = {
			isa = PBXFrameworksBuildPhase;
			buildActionMask = 2147483647;
			files = (
			);
			runOnlyForDeploymentPostprocessing = 0;
		};
		C19089FD1BE7F23E008B6A0E /* Frameworks */ = {
			isa = PBXFrameworksBuildPhase;
			buildActionMask = 2147483647;
			files = (
			);
			runOnlyForDeploymentPostprocessing = 0;
		};
		C1908A081BE7F23E008B6A0E /* Frameworks */ = {
			isa = PBXFrameworksBuildPhase;
			buildActionMask = 2147483647;
			files = (
			);
			runOnlyForDeploymentPostprocessing = 0;
		};
/* End PBXFrameworksBuildPhase section */

/* Begin PBXGroup section */
		C19089E31BE7F23E008B6A0E = {
			isa = PBXGroup;
			children = (
				C19089EE1BE7F23E008B6A0E /* imageFilter */,
				C1908A031BE7F23E008B6A0E /* imageFilterTests */,
				C1908A0E1BE7F23E008B6A0E /* imageFilterUITests */,
				C19089ED1BE7F23E008B6A0E /* Products */,
			);
			sourceTree = "<group>";
		};
		C19089ED1BE7F23E008B6A0E /* Products */ = {
			isa = PBXGroup;
			children = (
				C19089EC1BE7F23E008B6A0E /* imageFilter.app */,
				C1908A001BE7F23E008B6A0E /* imageFilterTests.xctest */,
				C1908A0B1BE7F23E008B6A0E /* imageFilterUITests.xctest */,
			);
			name = Products;
			sourceTree = "<group>";
		};
		C19089EE1BE7F23E008B6A0E /* imageFilter */ = {
			isa = PBXGroup;
			children = (
				C19089EF1BE7F23E008B6A0E /* AppDelegate.swift */,
				C19089F11BE7F23E008B6A0E /* ViewController.swift */,
				C19089F31BE7F23E008B6A0E /* Main.storyboard */,
				C1A7D7161C20913600BA141F /* InfoViewController.swift */,
				C161F8431C120E73004510E0 /* FilterViewController.swift */,
				C19089F61BE7F23E008B6A0E /* Assets.xcassets */,
				C19089F81BE7F23E008B6A0E /* LaunchScreen.storyboard */,
				C16FFEF11C19F4E100ECB03E /* CameraViewController.swift */,
				C19089FB1BE7F23E008B6A0E /* Info.plist */,
			);
			path = imageFilter;
			sourceTree = "<group>";
		};
		C1908A031BE7F23E008B6A0E /* imageFilterTests */ = {
			isa = PBXGroup;
			children = (
				C1908A041BE7F23E008B6A0E /* imageFilterTests.swift */,
				C1908A061BE7F23E008B6A0E /* Info.plist */,
			);
			path = imageFilterTests;
			sourceTree = "<group>";
		};
		C1908A0E1BE7F23E008B6A0E /* imageFilterUITests */ = {
			isa = PBXGroup;
			children = (
				C1908A0F1BE7F23E008B6A0E /* imageFilterUITests.swift */,
				C1908A111BE7F23E008B6A0E /* Info.plist */,
			);
			path = imageFilterUITests;
			sourceTree = "<group>";
		};
/* End PBXGroup section */

/* Begin PBXNativeTarget section */
		C19089EB1BE7F23E008B6A0E /* imageFilter */ = {
			isa = PBXNativeTarget;
			buildConfigurationList = C1908A141BE7F23E008B6A0E /* Build configuration list for PBXNativeTarget "imageFilter" */;
			buildPhases = (
				C19089E81BE7F23E008B6A0E /* Sources */,
				C19089E91BE7F23E008B6A0E /* Frameworks */,
				C19089EA1BE7F23E008B6A0E /* Resources */,
			);
			buildRules = (
			);
			dependencies = (
			);
			name = imageFilter;
			productName = imageFilter;
			productReference = C19089EC1BE7F23E008B6A0E /* imageFilter.app */;
			productType = "com.apple.product-type.application";
		};
		C19089FF1BE7F23E008B6A0E /* imageFilterTests */ = {
			isa = PBXNativeTarget;
			buildConfigurationList = C1908A171BE7F23E008B6A0E /* Build configuration list for PBXNativeTarget "imageFilterTests" */;
			buildPhases = (
				C19089FC1BE7F23E008B6A0E /* Sources */,
				C19089FD1BE7F23E008B6A0E /* Frameworks */,
				C19089FE1BE7F23E008B6A0E /* Resources */,
			);
			buildRules = (
			);
			dependencies = (
				C1908A021BE7F23E008B6A0E /* PBXTargetDependency */,
			);
			name = imageFilterTests;
			productName = imageFilterTests;
			productReference = C1908A001BE7F23E008B6A0E /* imageFilterTests.xctest */;
			productType = "com.apple.product-type.bundle.unit-test";
		};
		C1908A0A1BE7F23E008B6A0E /* imageFilterUITests */ = {
			isa = PBXNativeTarget;
			buildConfigurationList = C1908A1A1BE7F23E008B6A0E /* Build configuration list for PBXNativeTarget "imageFilterUITests" */;
			buildPhases = (
				C1908A071BE7F23E008B6A0E /* Sources */,
				C1908A081BE7F23E008B6A0E /* Frameworks */,
				C1908A091BE7F23E008B6A0E /* Resources */,
			);
			buildRules = (
			);
			dependencies = (
				C1908A0D1BE7F23E008B6A0E /* PBXTargetDependency */,
			);
			name = imageFilterUITests;
			productName = imageFilterUITests;
			productReference = C1908A0B1BE7F23E008B6A0E /* imageFilterUITests.xctest */;
			productType = "com.apple.product-type.bundle.ui-testing";
		};
/* End PBXNativeTarget section */

/* Begin PBXProject section */
		C19089E41BE7F23E008B6A0E /* Project object */ = {
			isa = PBXProject;
			attributes = {
				LastSwiftUpdateCheck = 0710;
				LastUpgradeCheck = 0710;
				ORGANIZATIONNAME = block7;
				TargetAttributes = {
					C19089EB1BE7F23E008B6A0E = {
						CreatedOnToolsVersion = 7.1;
						DevelopmentTeam = QHF3767G37;
					};
					C19089FF1BE7F23E008B6A0E = {
						CreatedOnToolsVersion = 7.1;
						DevelopmentTeam = QHF3767G37;
						TestTargetID = C19089EB1BE7F23E008B6A0E;
					};
					C1908A0A1BE7F23E008B6A0E = {
						CreatedOnToolsVersion = 7.1;
						DevelopmentTeam = QHF3767G37;
						TestTargetID = C19089EB1BE7F23E008B6A0E;
					};
				};
			};
			buildConfigurationList = C19089E71BE7F23E008B6A0E /* Build configuration list for PBXProject "imageFilter" */;
			compatibilityVersion = "Xcode 3.2";
			developmentRegion = English;
			hasScannedForEncodings = 0;
			knownRegions = (
				en,
				Base,
			);
			mainGroup = C19089E31BE7F23E008B6A0E;
			productRefGroup = C19089ED1BE7F23E008B6A0E /* Products */;
			projectDirPath = "";
			projectRoot = "";
			targets = (
				C19089EB1BE7F23E008B6A0E /* imageFilter */,
				C19089FF1BE7F23E008B6A0E /* imageFilterTests */,
				C1908A0A1BE7F23E008B6A0E /* imageFilterUITests */,
			);
		};
/* End PBXProject section */

/* Begin PBXResourcesBuildPhase section */
		C19089EA1BE7F23E008B6A0E /* Resources */ = {
			isa = PBXResourcesBuildPhase;
			buildActionMask = 2147483647;
			files = (
				C19089FA1BE7F23E008B6A0E /* LaunchScreen.storyboard in Resources */,
				C19089F71BE7F23E008B6A0E /* Assets.xcassets in Resources */,
				C19089F51BE7F23E008B6A0E /* Main.storyboard in Resources */,
			);
			runOnlyForDeploymentPostprocessing = 0;
		};
		C19089FE1BE7F23E008B6A0E /* Resources */ = {
			isa = PBXResourcesBuildPhase;
			buildActionMask = 2147483647;
			files = (
			);
			runOnlyForDeploymentPostprocessing = 0;
		};
		C1908A091BE7F23E008B6A0E /* Resources */ = {
			isa = PBXResourcesBuildPhase;
			buildActionMask = 2147483647;
			files = (
			);
			runOnlyForDeploymentPostprocessing = 0;
		};
/* End PBXResourcesBuildPhase section */

/* Begin PBXSourcesBuildPhase section */
		C19089E81BE7F23E008B6A0E /* Sources */ = {
			isa = PBXSourcesBuildPhase;
			buildActionMask = 2147483647;
			files = (
				C161F8441C120E73004510E0 /* FilterViewController.swift in Sources */,
				C16FFEF21C19F4E100ECB03E /* CameraViewController.swift in Sources */,
				C19089F21BE7F23E008B6A0E /* ViewController.swift in Sources */,
				C19089F01BE7F23E008B6A0E /* AppDelegate.swift in Sources */,
				C1A7D7171C20913600BA141F /* InfoViewController.swift in Sources */,
			);
			runOnlyForDeploymentPostprocessing = 0;
		};
		C19089FC1BE7F23E008B6A0E /* Sources */ = {
			isa = PBXSourcesBuildPhase;
			buildActionMask = 2147483647;
			files = (
				C1908A051BE7F23E008B6A0E /* imageFilterTests.swift in Sources */,
			);
			runOnlyForDeploymentPostprocessing = 0;
		};
		C1908A071BE7F23E008B6A0E /* Sources */ = {
			isa = PBXSourcesBuildPhase;
			buildActionMask = 2147483647;
			files = (
				C1908A101BE7F23E008B6A0E /* imageFilterUITests.swift in Sources */,
			);
			runOnlyForDeploymentPostprocessing = 0;
		};
/* End PBXSourcesBuildPhase section */

/* Begin PBXTargetDependency section */
		C1908A021BE7F23E008B6A0E /* PBXTargetDependency */ = {
			isa = PBXTargetDependency;
			target = C19089EB1BE7F23E008B6A0E /* imageFilter */;
			targetProxy = C1908A011BE7F23E008B6A0E /* PBXContainerItemProxy */;
		};
		C1908A0D1BE7F23E008B6A0E /* PBXTargetDependency */ = {
			isa = PBXTargetDependency;
			target = C19089EB1BE7F23E008B6A0E /* imageFilter */;
			targetProxy = C1908A0C1BE7F23E008B6A0E /* PBXContainerItemProxy */;
		};
/* End PBXTargetDependency section */

/* Begin PBXVariantGroup section */
		C19089F31BE7F23E008B6A0E /* Main.storyboard */ = {
			isa = PBXVariantGroup;
			children = (
				C19089F41BE7F23E008B6A0E /* Base */,
			);
			name = Main.storyboard;
			sourceTree = "<group>";
		};
		C19089F81BE7F23E008B6A0E /* LaunchScreen.storyboard */ = {
			isa = PBXVariantGroup;
			children = (
				C19089F91BE7F23E008B6A0E /* Base */,
			);
			name = LaunchScreen.storyboard;
			sourceTree = "<group>";
		};
/* End PBXVariantGroup section */

/* Begin XCBuildConfiguration section */
		C1908A121BE7F23E008B6A0E /* Debug */ = {
			isa = XCBuildConfiguration;
			buildSettings = {
				ALWAYS_SEARCH_USER_PATHS = NO;
				CLANG_CXX_LANGUAGE_STANDARD = "gnu++0x";
				CLANG_CXX_LIBRARY = "libc++";
				CLANG_ENABLE_MODULES = YES;
				CLANG_ENABLE_OBJC_ARC = YES;
				CLANG_WARN_BOOL_CONVERSION = YES;
				CLANG_WARN_CONSTANT_CONVERSION = YES;
				CLANG_WARN_DIRECT_OBJC_ISA_USAGE = YES_ERROR;
				CLANG_WARN_EMPTY_BODY = YES;
				CLANG_WARN_ENUM_CONVERSION = YES;
				CLANG_WARN_INT_CONVERSION = YES;
				CLANG_WARN_OBJC_ROOT_CLASS = YES_ERROR;
				CLANG_WARN_UNREACHABLE_CODE = YES;
				CLANG_WARN__DUPLICATE_METHOD_MATCH = YES;
				"CODE_SIGN_IDENTITY[sdk=iphoneos*]" = "iPhone Developer";
				COPY_PHASE_STRIP = NO;
				DEBUG_INFORMATION_FORMAT = dwarf;
				ENABLE_STRICT_OBJC_MSGSEND = YES;
				ENABLE_TESTABILITY = YES;
				GCC_C_LANGUAGE_STANDARD = gnu99;
				GCC_DYNAMIC_NO_PIC = NO;
				GCC_NO_COMMON_BLOCKS = YES;
				GCC_OPTIMIZATION_LEVEL = 0;
				GCC_PREPROCESSOR_DEFINITIONS = (
					"DEBUG=1",
					"$(inherited)",
				);
				GCC_WARN_64_TO_32_BIT_CONVERSION = YES;
				GCC_WARN_ABOUT_RETURN_TYPE = YES_ERROR;
				GCC_WARN_UNDECLARED_SELECTOR = YES;
				GCC_WARN_UNINITIALIZED_AUTOS = YES_AGGRESSIVE;
				GCC_WARN_UNUSED_FUNCTION = YES;
				GCC_WARN_UNUSED_VARIABLE = YES;
				IPHONEOS_DEPLOYMENT_TARGET = 9.1;
				MTL_ENABLE_DEBUG_INFO = YES;
				ONLY_ACTIVE_ARCH = YES;
				SDKROOT = iphoneos;
				SWIFT_OPTIMIZATION_LEVEL = "-Onone";
			};
			name = Debug;
		};
		C1908A131BE7F23E008B6A0E /* Release */ = {
			isa = XCBuildConfiguration;
			buildSettings = {
				ALWAYS_SEARCH_USER_PATHS = NO;
				CLANG_CXX_LANGUAGE_STANDARD = "gnu++0x";
				CLANG_CXX_LIBRARY = "libc++";
				CLANG_ENABLE_MODULES = YES;
				CLANG_ENABLE_OBJC_ARC = YES;
				CLANG_WARN_BOOL_CONVERSION = YES;
				CLANG_WARN_CONSTANT_CONVERSION = YES;
				CLANG_WARN_DIRECT_OBJC_ISA_USAGE = YES_ERROR;
				CLANG_WARN_EMPTY_BODY = YES;
				CLANG_WARN_ENUM_CONVERSION = YES;
				CLANG_WARN_INT_CONVERSION = YES;
				CLANG_WARN_OBJC_ROOT_CLASS = YES_ERROR;
				CLANG_WARN_UNREACHABLE_CODE = YES;
				CLANG_WARN__DUPLICATE_METHOD_MATCH = YES;
				"CODE_SIGN_IDENTITY[sdk=iphoneos*]" = "iPhone Developer";
				COPY_PHASE_STRIP = NO;
				DEBUG_INFORMATION_FORMAT = "dwarf-with-dsym";
				ENABLE_NS_ASSERTIONS = NO;
				ENABLE_STRICT_OBJC_MSGSEND = YES;
				GCC_C_LANGUAGE_STANDARD = gnu99;
				GCC_NO_COMMON_BLOCKS = YES;
				GCC_WARN_64_TO_32_BIT_CONVERSION = YES;
				GCC_WARN_ABOUT_RETURN_TYPE = YES_ERROR;
				GCC_WARN_UNDECLARED_SELECTOR = YES;
				GCC_WARN_UNINITIALIZED_AUTOS = YES_AGGRESSIVE;
				GCC_WARN_UNUSED_FUNCTION = YES;
				GCC_WARN_UNUSED_VARIABLE = YES;
				IPHONEOS_DEPLOYMENT_TARGET = 9.1;
				MTL_ENABLE_DEBUG_INFO = NO;
				SDKROOT = iphoneos;
				VALIDATE_PRODUCT = YES;
			};
			name = Release;
		};
		C1908A151BE7F23E008B6A0E /* Debug */ = {
			isa = XCBuildConfiguration;
			buildSettings = {
				ASSETCATALOG_COMPILER_APPICON_NAME = AppIcon;
				INFOPLIST_FILE = imageFilter/Info.plist;
				LD_RUNPATH_SEARCH_PATHS = "$(inherited) @executable_path/Frameworks";
				PRODUCT_BUNDLE_IDENTIFIER = net.lsrhs.epstein.imageFilter;
				PRODUCT_NAME = "$(TARGET_NAME)";
				TARGETED_DEVICE_FAMILY = 2;
			};
			name = Debug;
		};
		C1908A161BE7F23E008B6A0E /* Release */ = {
			isa = XCBuildConfiguration;
			buildSettings = {
				ASSETCATALOG_COMPILER_APPICON_NAME = AppIcon;
				INFOPLIST_FILE = imageFilter/Info.plist;
				LD_RUNPATH_SEARCH_PATHS = "$(inherited) @executable_path/Frameworks";
				PRODUCT_BUNDLE_IDENTIFIER = net.lsrhs.epstein.imageFilter;
				PRODUCT_NAME = "$(TARGET_NAME)";
				TARGETED_DEVICE_FAMILY = 2;
			};
			name = Release;
		};
		C1908A181BE7F23E008B6A0E /* Debug */ = {
			isa = XCBuildConfiguration;
			buildSettings = {
				BUNDLE_LOADER = "$(TEST_HOST)";
				INFOPLIST_FILE = imageFilterTests/Info.plist;
				LD_RUNPATH_SEARCH_PATHS = "$(inherited) @executable_path/Frameworks @loader_path/Frameworks";
				PRODUCT_BUNDLE_IDENTIFIER = net.lsrhs.epstein.imageFilterTests;
				PRODUCT_NAME = "$(TARGET_NAME)";
				TEST_HOST = "$(BUILT_PRODUCTS_DIR)/imageFilter.app/imageFilter";
			};
			name = Debug;
		};
		C1908A191BE7F23E008B6A0E /* Release */ = {
			isa = XCBuildConfiguration;
			buildSettings = {
				BUNDLE_LOADER = "$(TEST_HOST)";
				INFOPLIST_FILE = imageFilterTests/Info.plist;
				LD_RUNPATH_SEARCH_PATHS = "$(inherited) @executable_path/Frameworks @loader_path/Frameworks";
				PRODUCT_BUNDLE_IDENTIFIER = net.lsrhs.epstein.imageFilterTests;
				PRODUCT_NAME = "$(TARGET_NAME)";
				TEST_HOST = "$(BUILT_PRODUCTS_DIR)/imageFilter.app/imageFilter";
			};
			name = Release;
		};
		C1908A1B1BE7F23E008B6A0E /* Debug */ = {
			isa = XCBuildConfiguration;
			buildSettings = {
				INFOPLIST_FILE = imageFilterUITests/Info.plist;
				LD_RUNPATH_SEARCH_PATHS = "$(inherited) @executable_path/Frameworks @loader_path/Frameworks";
				PRODUCT_BUNDLE_IDENTIFIER = net.lsrhs.epstein.imageFilterUITests;
				PRODUCT_NAME = "$(TARGET_NAME)";
				TEST_TARGET_NAME = imageFilter;
				USES_XCTRUNNER = YES;
			};
			name = Debug;
		};
		C1908A1C1BE7F23E008B6A0E /* Release */ = {
			isa = XCBuildConfiguration;
			buildSettings = {
				INFOPLIST_FILE = imageFilterUITests/Info.plist;
				LD_RUNPATH_SEARCH_PATHS = "$(inherited) @executable_path/Frameworks @loader_path/Frameworks";
				PRODUCT_BUNDLE_IDENTIFIER = net.lsrhs.epstein.imageFilterUITests;
				PRODUCT_NAME = "$(TARGET_NAME)";
				TEST_TARGET_NAME = imageFilter;
				USES_XCTRUNNER = YES;
			};
			name = Release;
		};
/* End XCBuildConfiguration section */

/* Begin XCConfigurationList section */
		C19089E71BE7F23E008B6A0E /* Build configuration list for PBXProject "imageFilter" */ = {
			isa = XCConfigurationList;
			buildConfigurations = (
				C1908A121BE7F23E008B6A0E /* Debug */,
				C1908A131BE7F23E008B6A0E /* Release */,
			);
			defaultConfigurationIsVisible = 0;
			defaultConfigurationName = Release;
		};
		C1908A141BE7F23E008B6A0E /* Build configuration list for PBXNativeTarget "imageFilter" */ = {
			isa = XCConfigurationList;
			buildConfigurations = (
				C1908A151BE7F23E008B6A0E /* Debug */,
				C1908A161BE7F23E008B6A0E /* Release */,
			);
			defaultConfigurationIsVisible = 0;
			defaultConfigurationName = Release;
		};
		C1908A171BE7F23E008B6A0E /* Build configuration list for PBXNativeTarget "imageFilterTests" */ = {
			isa = XCConfigurationList;
			buildConfigurations = (
				C1908A181BE7F23E008B6A0E /* Debug */,
				C1908A191BE7F23E008B6A0E /* Release */,
			);
			defaultConfigurationIsVisible = 0;
			defaultConfigurationName = Release;
		};
		C1908A1A1BE7F23E008B6A0E /* Build configuration list for PBXNativeTarget "imageFilterUITests" */ = {
			isa = XCConfigurationList;
			buildConfigurations = (
				C1908A1B1BE7F23E008B6A0E /* Debug */,
				C1908A1C1BE7F23E008B6A0E /* Release */,
			);
			defaultConfigurationIsVisible = 0;
			defaultConfigurationName = Release;
		};
/* End XCConfigurationList section */
	};
	rootObject = C19089E41BE7F23E008B6A0E /* Project object */;
}
